# THIS IS AN AUTOGENERATED FILE. DO NOT EDIT THIS FILE DIRECTLY.
# yarn lockfile v1


teameights-types@^1.0.1:
  version "1.0.1"
  resolved "https://registry.npmjs.org/teameights-types/-/teameights-types-1.0.1.tgz"
  integrity sha512-VN5WHuXgw2uRlyxvjLitlMiY7VKdDZmmK0LZMGPM98h/3vpdranhyEBB5/ciJZexWfhTE/dpFGU+LxiToLC1mw==
