# THIS IS AN AUTOGENERATED FILE. DO NOT EDIT THIS FILE DIRECTLY.
# yarn lockfile v1


"@types/cookie@^0.5.1":
  version "0.5.2"
  resolved "https://registry.yarnpkg.com/@types/cookie/-/cookie-0.5.2.tgz#9bf9d62c838c85a07c92fdf2334c2c14fd9c59a9"
  integrity sha512-DBpRoJGKJZn7RY92dPrgoMew8xCWc2P71beqsjyhEI/Ds9mOyVmBwtekyfhpwFIVt1WrxTonFifiOZ62V8CnNA==

"@types/hoist-non-react-statics@^3.3.1":
  version "3.3.2"
  resolved "https://registry.yarnpkg.com/@types/hoist-non-react-statics/-/hoist-non-react-statics-3.3.2.tgz#dc1e9ded53375d37603c479cc12c693b0878aa2a"
  integrity sha512-YIQtIg4PKr7ZyqNPZObpxfHsHEmuB8dXCxd6qVcGuQVDK2bpsF7bYNnBJ4Nn7giuACZg+WewExgrtAJ3XnA4Xw==
  dependencies:
    "@types/react" "*"
    hoist-non-react-statics "^3.3.0"

"@types/prop-types@*":
  version "15.7.6"
  resolved "https://registry.yarnpkg.com/@types/prop-types/-/prop-types-15.7.6.tgz#bbf819813d6be21011b8f5801058498bec555572"
  integrity sha512-RK/kBbYOQQHLYj9Z95eh7S6t7gq4Ojt/NT8HTk8bWVhA5DaF+5SMnxHKkP4gPNN3wAZkKP+VjAf0ebtYzf+fxg==

"@types/react@*":
  version "18.2.22"
  resolved "https://registry.yarnpkg.com/@types/react/-/react-18.2.22.tgz#abe778a1c95a07fa70df40a52d7300a40b949ccb"
  integrity sha512-60fLTOLqzarLED2O3UQImc/lsNRgG0jE/a1mPW9KjMemY0LMITWEsbS4VvZ4p6rorEHd5YKxxmMKSDK505GHpA==
  dependencies:
    "@types/prop-types" "*"
    "@types/scheduler" "*"
    csstype "^3.0.2"

"@types/scheduler@*":
  version "0.16.3"
  resolved "https://registry.yarnpkg.com/@types/scheduler/-/scheduler-0.16.3.tgz#cef09e3ec9af1d63d2a6cc5b383a737e24e6dcf5"
  integrity sha512-5cJ8CB4yAx7BH1oMvdU0Jh9lrEXyPkar6F9G/ERswkCuvP4KQZfZkSjcMbAICCpQTN4OuZn8tz0HiKv9TGZgrQ==

cookie@^0.5.0:
  version "0.5.0"
  resolved "https://registry.yarnpkg.com/cookie/-/cookie-0.5.0.tgz#d1f5d71adec6558c58f389987c366aa47e994f8b"
  integrity sha512-YZ3GUyn/o8gfKJlnlX7g7xq4gyO6OSuhGPKaaGssGB2qgDUS0gPgtTvoyZLTt9Ab6dC4hfc9dV5arkvc/OCmrw==

csstype@^3.0.2:
  version "3.1.2"
  resolved "https://registry.yarnpkg.com/csstype/-/csstype-3.1.2.tgz#1d4bf9d572f11c14031f0436e1c10bc1f571f50b"
  integrity sha512-I7K1Uu0MBPzaFKg4nI5Q7Vs2t+3gWWW648spaF+Rg7pI9ds18Ugn+lvg4SHczUdKlHI5LWBXyqfS8+DufyBsgQ==

hoist-non-react-statics@^3.3.0, hoist-non-react-statics@^3.3.2:
  version "3.3.2"
  resolved "https://registry.yarnpkg.com/hoist-non-react-statics/-/hoist-non-react-statics-3.3.2.tgz#ece0acaf71d62c2969c2ec59feff42a4b1a85b45"
  integrity sha512-/gGivxi8JPKWNm/W0jSmzcMPpfpPLc3dY/6GxhX2hQ9iGj3aDfklV4ET7NjKpSinLpJ5vafa9iiGIEZg10SfBw==
  dependencies:
    react-is "^16.7.0"

react-cookie@^6.1.1:
  version "6.1.1"
  resolved "https://registry.yarnpkg.com/react-cookie/-/react-cookie-6.1.1.tgz#af61c82ea7f41119d3cf8fd3534f8b6c0408f350"
  integrity sha512-fuFRpf8LH6SfmVMowDUIRywJF5jAUDUWrm0EI5VdXfTl5bPcJ7B0zWbuYpT0Tvikx7Gs18MlvAT+P+744dUz2g==
  dependencies:
    "@types/hoist-non-react-statics" "^3.3.1"
    hoist-non-react-statics "^3.3.2"
    universal-cookie "^6.0.0"

react-is@^16.7.0:
  version "16.13.1"
  resolved "https://registry.yarnpkg.com/react-is/-/react-is-16.13.1.tgz#789729a4dc36de2999dc156dd6c1d9c18cea56a4"
  integrity sha512-24e6ynE2H+OKt4kqsOvNd8kBpV65zoxbA4BVsEOB3ARVWQki/DHzaUoC5KuON/BiccDaCCTZBuOcfZs70kR8bQ==

universal-cookie@^6.0.0:
  version "6.1.1"
  resolved "https://registry.yarnpkg.com/universal-cookie/-/universal-cookie-6.1.1.tgz#2d619e21804c93b39ff0c77fe47dafd7a492346d"
  integrity sha512-33S9x3CpdUnnjwTNs2Fgc41WGve2tdLtvaK2kPSbZRc5pGpz2vQFbRWMxlATsxNNe/Cy8SzmnmbuBM85jpZPtA==
  dependencies:
    "@types/cookie" "^0.5.1"
    cookie "^0.5.0"
